{
	"name": "record-hafas-data-example",
	"version": "0.0.0",
	"lockfileVersion": 1,
	"requires": true,
	"dependencies": {
		"@derhuerst/br2nl": {
			"version": "1.0.0",
			"resolved": "https://registry.npmjs.org/@derhuerst/br2nl/-/br2nl-1.0.0.tgz",
			"integrity": "sha512-aGzqSMKM9eqHd9orDSe7yOvekRM9EMt9Jbc9vAG+a3jbn50WOTThVQX20c75yk0WBmu+6A5hdHGRM49dlp0I9w=="
		},
		"@turf/bbox": {
			"version": "6.0.1",
			"resolved": "https://registry.npmjs.org/@turf/bbox/-/bbox-6.0.1.tgz",
			"integrity": "sha512-EGgaRLettBG25Iyx7VyUINsPpVj1x3nFQFiGS3ER8KCI1MximzNLsam3eXRabqQDjyAKyAE1bJ4EZEpGvspQxw==",
			"requires": {
				"@turf/helpers": "6.x",
				"@turf/meta": "6.x"
			}
		},
		"@turf/boolean-disjoint": {
			"version": "6.0.2",
			"resolved": "https://registry.npmjs.org/@turf/boolean-disjoint/-/boolean-disjoint-6.0.2.tgz",
			"integrity": "sha512-xgdqPOXhvCwetoybkYZwBLKro1XxqZgS+xk6Ygb2Jt6btR5P/t0lJ5n85fN0YQuJlR8hEVvCGTYZ0IRTyIEvsQ==",
			"requires": {
				"@turf/boolean-point-in-polygon": "6.x",
				"@turf/helpers": "6.x",
				"@turf/line-intersect": "6.x",
				"@turf/meta": "6.x",
				"@turf/polygon-to-line": "6.x"
			}
		},
		"@turf/boolean-intersects": {
			"version": "6.0.2",
			"resolved": "https://registry.npmjs.org/@turf/boolean-intersects/-/boolean-intersects-6.0.2.tgz",
			"integrity": "sha512-GRC+N2QOP533MnMmauVDj+JNyZG3XwAdY1jtZuY3icxvJ8/47ZWb013Q90heoyGxV92kV5SW0baOooPzSpvT1g==",
			"requires": {
				"@turf/boolean-disjoint": "6.x",
				"@turf/helpers": "6.x",
				"@turf/meta": "6.x"
			}
		},
		"@turf/boolean-point-in-polygon": {
			"version": "6.0.1",
			"resolved": "https://registry.npmjs.org/@turf/boolean-point-in-polygon/-/boolean-point-in-polygon-6.0.1.tgz",
			"integrity": "sha512-FKLOZ124vkJhjzNSDcqpwp2NvfnsbYoUOt5iAE7uskt4svix5hcjIEgX9sELFTJpbLGsD1mUbKdfns8tZxcMNg==",
			"requires": {
				"@turf/helpers": "6.x",
				"@turf/invariant": "6.x"
			}
		},
		"@turf/boolean-point-on-line": {
			"version": "6.0.1",
			"resolved": "https://registry.npmjs.org/@turf/boolean-point-on-line/-/boolean-point-on-line-6.0.1.tgz",
			"integrity": "sha512-Vl724Tzh4CF/13kgblOAQnMcHagromCP1EfyJ9G/8SxpSoTYeY2G6FmmcpbW51GqKxC7xgM9+Pck50dun7oYkg==",
			"requires": {
				"@turf/helpers": "6.x",
				"@turf/invariant": "6.x"
			}
		},
		"@turf/boolean-within": {
			"version": "6.0.1",
			"resolved": "https://registry.npmjs.org/@turf/boolean-within/-/boolean-within-6.0.1.tgz",
			"integrity": "sha512-fAzDoWzA4UvUE99G8VqQjVg+PSrPBACM9+SLcl0vkbxIhTjoknpTUwSfH86EgKiCkTDttiDIs/q27xZ4H+mgLQ==",
			"requires": {
				"@turf/bbox": "6.x",
				"@turf/boolean-point-in-polygon": "6.x",
				"@turf/boolean-point-on-line": "6.x",
				"@turf/helpers": "6.x",
				"@turf/invariant": "6.x"
			}
		},
		"@turf/distance": {
			"version": "6.0.1",
			"resolved": "https://registry.npmjs.org/@turf/distance/-/distance-6.0.1.tgz",
			"integrity": "sha512-q7t7rWIWfkg7MP1Vt4uLjSEhe5rPfCO2JjpKmk7JC+QZKEQkuvHEqy3ejW1iC7Kw5ZcZNR3qdMGGz+6HnVwqvg==",
			"requires": {
				"@turf/helpers": "6.x",
				"@turf/invariant": "6.x"
			}
		},
		"@turf/helpers": {
			"version": "6.1.4",
			"resolved": "https://registry.npmjs.org/@turf/helpers/-/helpers-6.1.4.tgz",
			"integrity": "sha512-vJvrdOZy1ngC7r3MDA7zIGSoIgyrkWcGnNIEaqn/APmw+bVLF2gAW7HIsdTxd12s5wQMqEpqIQrmrbRRZ0xC7g=="
		},
		"@turf/invariant": {
			"version": "6.1.2",
			"resolved": "https://registry.npmjs.org/@turf/invariant/-/invariant-6.1.2.tgz",
			"integrity": "sha512-WU08Ph8j0J2jVGlQCKChXoCtI50BB3yEH21V++V0T4cR1T27HKCxkehV2sYMwTierfMBgjwSwDIsxnR4/2mWXg==",
			"requires": {
				"@turf/helpers": "6.x"
			}
		},
		"@turf/line-intersect": {
			"version": "6.0.2",
			"resolved": "https://registry.npmjs.org/@turf/line-intersect/-/line-intersect-6.0.2.tgz",
			"integrity": "sha512-pfL/lBu7ukBPdTjvSCmcNUzZ83V4R95htwqs5NqU8zeS4R+5KTwacbrOYKztjpmHBwUmPEIIpSbqkUoD0Fp7kg==",
			"requires": {
				"@turf/helpers": "6.x",
				"@turf/invariant": "6.x",
				"@turf/line-segment": "6.x",
				"@turf/meta": "6.x",
				"geojson-rbush": "3.x"
			}
		},
		"@turf/line-segment": {
			"version": "6.0.2",
			"resolved": "https://registry.npmjs.org/@turf/line-segment/-/line-segment-6.0.2.tgz",
			"integrity": "sha512-8AkzDHoNw3X68y115josal+lvdAi4b2P1K0YNTKGyLRBaUhPXVSuMBpMd53FRF1hYEb9UJgMbugF9ZE7m5L6zg==",
			"requires": {
				"@turf/helpers": "6.x",
				"@turf/invariant": "6.x",
				"@turf/meta": "6.x"
			}
		},
		"@turf/meta": {
			"version": "6.0.2",
			"resolved": "https://registry.npmjs.org/@turf/meta/-/meta-6.0.2.tgz",
			"integrity": "sha512-VA7HJkx7qF1l3+GNGkDVn2oXy4+QoLP6LktXAaZKjuT1JI0YESat7quUkbCMy4zP9lAUuvS4YMslLyTtr919FA==",
			"requires": {
				"@turf/helpers": "6.x"
			}
		},
		"@turf/polygon-to-line": {
			"version": "6.0.3",
			"resolved": "https://registry.npmjs.org/@turf/polygon-to-line/-/polygon-to-line-6.0.3.tgz",
			"integrity": "sha512-cJUy7VYLAhgnTBOtYFjNzh5bSlAS/qM8gUHXRGrIxI22RUJk4FXs/X2MEJ4Ki2flCiSeOjRIUEawEslNe7w7RA==",
			"requires": {
				"@turf/helpers": "6.x",
				"@turf/invariant": "6.x"
			}
		},
		"@turf/square-grid": {
			"version": "6.0.2",
			"resolved": "https://registry.npmjs.org/@turf/square-grid/-/square-grid-6.0.2.tgz",
			"integrity": "sha512-ju0bHbUC6MQcjap28S+3YLF1gQARakQVoOjYG/Qmvxf2T8K1a5ZKv387iTztT7zeoh5//JvWy8VbFoT3OZuubQ==",
			"requires": {
				"@turf/boolean-intersects": "6.x",
				"@turf/distance": "6.x",
				"@turf/helpers": "6.x",
				"@turf/invariant": "6.x"
			}
		},
		"@types/retry": {
			"version": "0.12.0",
			"resolved": "https://registry.npmjs.org/@types/retry/-/retry-0.12.0.tgz",
			"integrity": "sha512-wWKOClTTiizcZhXnPY4wikVAwmdYHp8q6DmC+EJUzAMsycb7HB32Kh9RN4+0gExjmPmZSAQjgURXIGATPegAvA=="
		},
		"capture-stack-trace": {
			"version": "1.0.1",
			"resolved": "https://registry.npmjs.org/capture-stack-trace/-/capture-stack-trace-1.0.1.tgz",
			"integrity": "sha512-mYQLZnx5Qt1JgB1WEiMCf2647plpGeQ2NMR/5L0HNZzGQo4fuSPnK+wjfPnKZV0aiJDgzmWqqkV/g7JD+DW0qw=="
		},
		"cipher-base": {
			"version": "1.0.4",
			"resolved": "https://registry.npmjs.org/cipher-base/-/cipher-base-1.0.4.tgz",
			"integrity": "sha512-Kkht5ye6ZGmwv40uUDZztayT2ThLQGfnj/T71N/XzeZeo3nf8foyW7zGTsPYkEya3m5f3cAypH+qe7YOrM1U2Q==",
			"requires": {
				"inherits": "^2.0.1",
				"safe-buffer": "^5.0.1"
			}
		},
		"core-util-is": {
			"version": "1.0.2",
			"resolved": "https://registry.npmjs.org/core-util-is/-/core-util-is-1.0.2.tgz",
			"integrity": "sha1-tf1UIgqivFq1eqtxQMlAdUUDwac="
		},
		"create-hash": {
			"version": "1.2.0",
			"resolved": "https://registry.npmjs.org/create-hash/-/create-hash-1.2.0.tgz",
			"integrity": "sha512-z00bCGNHDG8mHAkP7CtT1qVu+bFQUPjYq/4Iv3C3kWjTFV10zIjfSoeqXo9Asws8gwSHDGj/hl2u4OGIjapeCg==",
			"requires": {
				"cipher-base": "^1.0.1",
				"inherits": "^2.0.1",
				"md5.js": "^1.3.4",
				"ripemd160": "^2.0.1",
				"sha.js": "^2.4.0"
			}
		},
		"debug": {
			"version": "4.1.1",
			"resolved": "https://registry.npmjs.org/debug/-/debug-4.1.1.tgz",
			"integrity": "sha512-pYAIzeRo8J6KPEaJ0VWOh5Pzkbw/RetuzehGM7QRRX5he4fPHx2rdKMB256ehJCkX+XRQm16eZLqLNS8RSZXZw==",
			"requires": {
				"ms": "^2.1.1"
			}
		},
		"eventemitter3": {
			"version": "4.0.0",
			"resolved": "https://registry.npmjs.org/eventemitter3/-/eventemitter3-4.0.0.tgz",
			"integrity": "sha512-qerSRB0p+UDEssxTtm6EDKcE7W4OaoisfIMl4CngyEhjpYglocpNg6UEqCvemdGhosAsg4sO2dXJOdyBifPGCg=="
		},
		"fetch-ponyfill": {
			"version": "6.1.0",
			"resolved": "https://registry.npmjs.org/fetch-ponyfill/-/fetch-ponyfill-6.1.0.tgz",
			"integrity": "sha512-bLc7JCjpJZZUXVxbgwUhd72Q19MAokrCXOg/Akq+wl0uFLFLklFdBkZo5OpQ3kLI0oGqrKdx6t5Zo3QwXBRmbQ==",
			"requires": {
				"node-fetch": "~2.6.0"
			}
		},
		"from2": {
			"version": "2.3.0",
			"resolved": "https://registry.npmjs.org/from2/-/from2-2.3.0.tgz",
			"integrity": "sha1-i/tVAr3kpNNs/e6gB/zKIdfjgq8=",
			"requires": {
				"inherits": "^2.0.1",
				"readable-stream": "^2.0.0"
			}
		},
		"from2-array": {
			"version": "0.0.4",
			"resolved": "https://registry.npmjs.org/from2-array/-/from2-array-0.0.4.tgz",
			"integrity": "sha1-6vwWtl9uJxm81X/cGGkAWsEzLNY=",
			"requires": {
				"from2": "^2.0.3"
			}
		},
		"geojson-rbush": {
			"version": "3.1.2",
			"resolved": "https://registry.npmjs.org/geojson-rbush/-/geojson-rbush-3.1.2.tgz",
			"integrity": "sha512-grkfdg3HIeTjwTfiJe5FT8+fGU3fABCc+vRJDBwdQz9kkLF0Sbif2gs2JUzjewwgmnvLGy9fInySDeADoNuk7w==",
			"requires": {
				"@turf/bbox": "*",
				"@turf/helpers": "6.x",
				"@turf/meta": "6.x",
				"rbush": "^2.0.0"
			}
		},
		"google-polyline": {
			"version": "1.0.3",
			"resolved": "https://registry.npmjs.org/google-polyline/-/google-polyline-1.0.3.tgz",
			"integrity": "sha512-36BnqVxmVcR8lTvzO6aeXdICNChAwQLlfMkR1P9IBpTWE8hA6bAbQHCVArwMHB5WIMq9owywtAkjioe3crNq4Q=="
		},
		"gps-distance": {
			"version": "0.0.4",
			"resolved": "https://registry.npmjs.org/gps-distance/-/gps-distance-0.0.4.tgz",
			"integrity": "sha1-8LSoFyxmj97AZSkaSZm5YfGRbRA="
		},
		"hafas-client": {
			"version": "5.1.1",
			"resolved": "https://registry.npmjs.org/hafas-client/-/hafas-client-5.1.1.tgz",
			"integrity": "sha512-0CbVQcqccGZqAR3PTzOkLhADduF7svmpqE4oZRL0qJY6A+t/LTHQAQi0GZM5YsK2K+zw4+E4JBJabj2K8gERng==",
			"requires": {
				"@derhuerst/br2nl": "^1.0.0",
				"capture-stack-trace": "^1.0.0",
				"create-hash": "^1.2.0",
				"fetch-ponyfill": "^6.0.0",
				"google-polyline": "^1.0.3",
				"gps-distance": "0.0.4",
				"lodash": "^4.17.5",
				"luxon": "^1.3.0",
				"object-scan": "^11.0.1",
				"p-retry": "^4.1.0",
				"p-throttle": "^3.1.0",
				"pinkie-promise": "^2.0.1",
				"qs": "^6.6.0",
				"slugg": "^1.2.0",
				"vbb-parse-line": "^1.0.0",
				"vbb-parse-ticket": "^0.2.1",
				"vbb-short-station-name": "^1.0.1",
				"vbb-stations": "^7.1.0",
				"vbb-translate-ids": "^4.0.0"
			}
		},
		"hafas-monitor-departures": {
			"version": "4.0.0",
			"resolved": "https://registry.npmjs.org/hafas-monitor-departures/-/hafas-monitor-departures-4.0.0.tgz",
			"integrity": "sha512-Sb8crAhv/cet6dNP1I0BqzczmcpThrixGWOoDzkRJufXd7rvzH/LAgphuopeagnCP5Gm1tyWHvmVG/VNpsqaYQ==",
			"requires": {
				"debug": "^4.1.1",
				"live-moving-average": "^0.1.0"
			}
		},
		"hafas-monitor-trips": {
			"version": "3.0.0",
			"resolved": "https://registry.npmjs.org/hafas-monitor-trips/-/hafas-monitor-trips-3.0.0.tgz",
			"integrity": "sha512-eDD1xfatLopy/4EhHMoJ7zS6YBYz0ABtZdGxR2/q0UWYIyzpHjNJ06pLEvF2+x2t71K/Ux0kYKVkEfmw+E32xg==",
			"requires": {
				"@turf/boolean-within": "^6.0.1",
				"@turf/distance": "^6.0.1",
				"@turf/helpers": "^6.1.4",
				"@turf/square-grid": "^6.0.2",
				"debug": "^4.1.1",
				"live-moving-average": "^0.1.1",
				"lodash.throttle": "^4.1.1",
				"p-queue": "^6.0.1"
			}
		},
		"has-flag": {
			"version": "4.0.0",
			"resolved": "https://registry.npmjs.org/has-flag/-/has-flag-4.0.0.tgz",
			"integrity": "sha512-EykJT/Q1KjTWctppgIAgfSO0tKVuZUjhgMr17kqTumMl6Afv3EISleU7qZUzoXDFTAHTDC4NOoG/ZxU3EvlMPQ=="
		},
		"hash-base": {
			"version": "3.0.4",
			"resolved": "https://registry.npmjs.org/hash-base/-/hash-base-3.0.4.tgz",
			"integrity": "sha1-X8hoaEfs1zSZQDMZprCj8/auSRg=",
			"requires": {
				"inherits": "^2.0.1",
				"safe-buffer": "^5.0.1"
			}
		},
		"inherits": {
			"version": "2.0.4",
			"resolved": "https://registry.npmjs.org/inherits/-/inherits-2.0.4.tgz",
			"integrity": "sha512-k/vGaX4/Yla3WzyMCvTQOXYeIHvqOKtnqBduzTHpzpQZzAskKMhZ2K+EnBiSM9zGSoIFeMpXKxa4dYeZIQqewQ=="
		},
		"isarray": {
			"version": "1.0.0",
			"resolved": "https://registry.npmjs.org/isarray/-/isarray-1.0.0.tgz",
			"integrity": "sha1-u5NdSFgsuhaMBoNJV6VKPgcSTxE="
		},
		"json-stringify-safe": {
			"version": "5.0.1",
			"resolved": "https://registry.npmjs.org/json-stringify-safe/-/json-stringify-safe-5.0.1.tgz",
			"integrity": "sha1-Epai1Y/UXxmg9s4B1lcB4sc1tus="
		},
		"live-moving-average": {
			"version": "0.1.1",
			"resolved": "https://registry.npmjs.org/live-moving-average/-/live-moving-average-0.1.1.tgz",
			"integrity": "sha512-A/B35XiTiBLTNeVhzNf/wVo5d3Rwc0/MbUT9pooIQg9PHi8QdacAHT2AM8jI4XC6HNQOgoVld1KJh+DxQQHASg=="
		},
		"lodash": {
			"version": "4.17.15",
			"resolved": "https://registry.npmjs.org/lodash/-/lodash-4.17.15.tgz",
			"integrity": "sha512-8xOcRHvCjnocdS5cpwXQXVzmmh5e5+saE2QGoeQmbKmRS6J3VQppPOIt0MnmE+4xlZoumy0GPG0D0MVIQbNA1A=="
		},
		"lodash.get": {
			"version": "4.4.2",
			"resolved": "https://registry.npmjs.org/lodash.get/-/lodash.get-4.4.2.tgz",
			"integrity": "sha1-LRd/ZS+jHpObRDjVNBSZ36OCXpk="
		},
		"lodash.throttle": {
			"version": "4.1.1",
			"resolved": "https://registry.npmjs.org/lodash.throttle/-/lodash.throttle-4.1.1.tgz",
			"integrity": "sha1-wj6RtxAkKscMN/HhzaknTMOb8vQ="
		},
		"luxon": {
			"version": "1.22.0",
			"resolved": "https://registry.npmjs.org/luxon/-/luxon-1.22.0.tgz",
			"integrity": "sha512-3sLvlfbFo+AxVEY3IqxymbumtnlgBwjDExxK60W3d+trrUzErNAz/PfvPT+mva+vEUrdIodeCOs7fB6zHtRSrw=="
		},
		"md5.js": {
			"version": "1.3.5",
			"resolved": "https://registry.npmjs.org/md5.js/-/md5.js-1.3.5.tgz",
			"integrity": "sha512-xitP+WxNPcTTOgnTJcrhM0xvdPepipPSf3I8EIpGKeFLjt3PlJLIDG3u8EX53ZIubkb+5U2+3rELYpEhHhzdkg==",
			"requires": {
				"hash-base": "^3.0.0",
				"inherits": "^2.0.1",
				"safe-buffer": "^5.1.2"
			}
		},
		"merged-vbb-stations": {
			"version": "2.0.0",
			"resolved": "https://registry.npmjs.org/merged-vbb-stations/-/merged-vbb-stations-2.0.0.tgz",
			"integrity": "sha512-zW6cklbfYl4IugZUkYOzakzMG4O5Trd2vJBv0RW8p0C7v2tGKDvOaZq+/BE2i7aS4+cCAKiI0nRjWDEvufHu6A=="
		},
		"minimist": {
			"version": "1.2.5",
			"resolved": "https://registry.npmjs.org/minimist/-/minimist-1.2.5.tgz",
			"integrity": "sha512-FM9nNUYrRBAELZQT3xeZQ7fmMOBg6nWNmJKTcgsJeaLstP/UODVpGsr5OhXhhXg6f+qtJ8uiZ+PUxkDWcgIXLw=="
		},
		"monitor-hafas-cli": {
			"version": "2.0.0",
			"resolved": "https://registry.npmjs.org/monitor-hafas-cli/-/monitor-hafas-cli-2.0.0.tgz",
			"integrity": "sha512-CYx4WLSE7BZwOQvOmuiv+HnyDt1endk7XGsBf8p3QsFy0kfzaxfPGAD8r3vhIVaD4bGpR+5lYBjhqPLALl3vhQ==",
			"requires": {
				"hafas-monitor-departures": "^4.0.0",
				"hafas-monitor-trips": "^3.0.0",
				"mri": "^1.1.4",
				"resolve-from": "^5.0.0",
				"semver": "^7.1.3",
				"supports-color": "^7.1.0"
			}
		},
		"mri": {
			"version": "1.1.4",
			"resolved": "https://registry.npmjs.org/mri/-/mri-1.1.4.tgz",
			"integrity": "sha512-6y7IjGPm8AzlvoUrwAaw1tLnUBudaS3752vcd8JtrpGGQn+rXIe63LFVHm/YMwtqAuh+LJPCFdlLYPWM1nYn6w=="
		},
		"ms": {
			"version": "2.1.2",
			"resolved": "https://registry.npmjs.org/ms/-/ms-2.1.2.tgz",
			"integrity": "sha512-sGkPx+VjMtmA6MX27oA4FBFELFCZZ4S4XqeGOXCv68tT+jb3vk/RyaKWP0PTKyWtmLSM0b+adUTEvbs1PEaH2w=="
		},
		"ndjson": {
			"version": "1.5.0",
			"resolved": "https://registry.npmjs.org/ndjson/-/ndjson-1.5.0.tgz",
			"integrity": "sha1-rmA7NrE0vOw0e0UkIrC/mNWDLsg=",
			"requires": {
				"json-stringify-safe": "^5.0.1",
				"minimist": "^1.2.0",
				"split2": "^2.1.0",
				"through2": "^2.0.3"
			}
		},
		"node-fetch": {
			"version": "2.6.0",
			"resolved": "https://registry.npmjs.org/node-fetch/-/node-fetch-2.6.0.tgz",
			"integrity": "sha512-8dG4H5ujfvFiqDmVu9fQ5bOHUC15JMjMY/Zumv26oOvvVJjM67KF8koCWIabKQ1GJIa9r2mMZscBq/TbdOcmNA=="
		},
		"object-scan": {
			"version": "11.0.1",
			"resolved": "https://registry.npmjs.org/object-scan/-/object-scan-11.0.1.tgz",
			"integrity": "sha512-pJ853I6dxeAyYLsMhMrE6zMrauux5EmcBz7JJeR24T5VFBpDd2fKI8N2zBXX0zolHV2z+TsQglRY1IaC/l46/w=="
		},
		"p-finally": {
			"version": "1.0.0",
			"resolved": "https://registry.npmjs.org/p-finally/-/p-finally-1.0.0.tgz",
			"integrity": "sha1-P7z7FbiZpEEjs0ttzBi3JDNqLK4="
		},
		"p-queue": {
			"version": "6.3.0",
			"resolved": "https://registry.npmjs.org/p-queue/-/p-queue-6.3.0.tgz",
			"integrity": "sha512-fg5dJlFpd5+3CgG3/0ogpVZUeJbjiyXFg0nu53hrOYsybqSiDyxyOpad0Rm6tAiGjgztAwkyvhlYHC53OiAJOA==",
			"requires": {
				"eventemitter3": "^4.0.0",
				"p-timeout": "^3.1.0"
			}
		},
		"p-retry": {
			"version": "4.2.0",
			"resolved": "https://registry.npmjs.org/p-retry/-/p-retry-4.2.0.tgz",
			"integrity": "sha512-jPH38/MRh263KKcq0wBNOGFJbm+U6784RilTmHjB/HM9kH9V8WlCpVUcdOmip9cjXOh6MxZ5yk1z2SjDUJfWmA==",
			"requires": {
				"@types/retry": "^0.12.0",
				"retry": "^0.12.0"
			}
		},
		"p-throttle": {
			"version": "3.1.0",
			"resolved": "https://registry.npmjs.org/p-throttle/-/p-throttle-3.1.0.tgz",
			"integrity": "sha512-rLo81NXBihs3GJQhq89IXa0Egj/sbW1zW8/qnyadOwUhIUrZSUvyGdQ46ISRKELFBkVvmMJ4JUqWki4oAh30Qw=="
		},
		"p-timeout": {
			"version": "3.2.0",
			"resolved": "https://registry.npmjs.org/p-timeout/-/p-timeout-3.2.0.tgz",
			"integrity": "sha512-rhIwUycgwwKcP9yTOOFK/AKsAopjjCakVqLHePO3CC6Mir1Z99xT+R63jZxAT5lFZLa2inS5h+ZS2GvR99/FBg==",
			"requires": {
				"p-finally": "^1.0.0"
			}
		},
		"pinkie": {
			"version": "2.0.4",
			"resolved": "https://registry.npmjs.org/pinkie/-/pinkie-2.0.4.tgz",
			"integrity": "sha1-clVrgM+g1IqXToDnckjoDtT3+HA="
		},
		"pinkie-promise": {
			"version": "2.0.1",
			"resolved": "https://registry.npmjs.org/pinkie-promise/-/pinkie-promise-2.0.1.tgz",
			"integrity": "sha1-ITXW36ejWMBprJsXh3YogihFD/o=",
			"requires": {
				"pinkie": "^2.0.0"
			}
		},
		"process-nextick-args": {
			"version": "2.0.1",
			"resolved": "https://registry.npmjs.org/process-nextick-args/-/process-nextick-args-2.0.1.tgz",
			"integrity": "sha512-3ouUOpQhtgrbOa17J7+uxOTpITYWaGP7/AhoR3+A+/1e9skrzelGi/dXzEYyvbxubEF6Wn2ypscTKiKJFFn1ag=="
		},
		"qs": {
			"version": "6.9.1",
			"resolved": "https://registry.npmjs.org/qs/-/qs-6.9.1.tgz",
			"integrity": "sha512-Cxm7/SS/y/Z3MHWSxXb8lIFqgqBowP5JMlTUFyJN88y0SGQhVmZnqFK/PeuMX9LzUyWsqqhNxIyg0jlzq946yA=="
		},
		"quickselect": {
			"version": "1.1.1",
			"resolved": "https://registry.npmjs.org/quickselect/-/quickselect-1.1.1.tgz",
			"integrity": "sha512-qN0Gqdw4c4KGPsBOQafj6yj/PA6c/L63f6CaZ/DCF/xF4Esu3jVmKLUDYxghFx8Kb/O7y9tI7x2RjTSXwdK1iQ=="
		},
		"rbush": {
			"version": "2.0.2",
			"resolved": "https://registry.npmjs.org/rbush/-/rbush-2.0.2.tgz",
			"integrity": "sha512-XBOuALcTm+O/H8G90b6pzu6nX6v2zCKiFG4BJho8a+bY6AER6t8uQUZdi5bomQc0AprCWhEGa7ncAbbRap0bRA==",
			"requires": {
				"quickselect": "^1.0.1"
			}
		},
		"readable-stream": {
			"version": "2.3.7",
			"resolved": "https://registry.npmjs.org/readable-stream/-/readable-stream-2.3.7.tgz",
			"integrity": "sha512-Ebho8K4jIbHAxnuxi7o42OrZgF/ZTNcsZj6nRKyUmkhLFq8CHItp/fy6hQZuZmP/n3yZ9VBUbp4zz/mX8hmYPw==",
			"requires": {
				"core-util-is": "~1.0.0",
				"inherits": "~2.0.3",
				"isarray": "~1.0.0",
				"process-nextick-args": "~2.0.0",
				"safe-buffer": "~5.1.1",
				"string_decoder": "~1.1.1",
				"util-deprecate": "~1.0.1"
			},
			"dependencies": {
				"safe-buffer": {
					"version": "5.1.2",
					"resolved": "https://registry.npmjs.org/safe-buffer/-/safe-buffer-5.1.2.tgz",
					"integrity": "sha512-Gd2UZBJDkXlY7GbJxfsE8/nvKkUEU1G38c1siN6QP6a9PT9MmHB8GnpscSmMJSoF8LOIrt8ud/wPtojys4G6+g=="
				}
			}
		},
		"resolve-from": {
			"version": "5.0.0",
			"resolved": "https://registry.npmjs.org/resolve-from/-/resolve-from-5.0.0.tgz",
			"integrity": "sha512-qYg9KP24dD5qka9J47d0aVky0N+b4fTU89LN9iDnjB5waksiC49rvMB0PrUJQGoTmH50XPiqOvAjDfaijGxYZw=="
		},
		"retry": {
			"version": "0.12.0",
			"resolved": "https://registry.npmjs.org/retry/-/retry-0.12.0.tgz",
			"integrity": "sha1-G0KmJmoh8HQh0bC1S33BZ7AcATs="
		},
		"ripemd160": {
			"version": "2.0.2",
			"resolved": "https://registry.npmjs.org/ripemd160/-/ripemd160-2.0.2.tgz",
			"integrity": "sha512-ii4iagi25WusVoiC4B4lq7pbXfAp3D9v5CwfkY33vffw2+pkDjY1D8GaN7spsxvCSx8dkPqOZCEZyfxcmJG2IA==",
			"requires": {
				"hash-base": "^3.0.0",
				"inherits": "^2.0.1"
			}
		},
		"safe-buffer": {
			"version": "5.2.0",
			"resolved": "https://registry.npmjs.org/safe-buffer/-/safe-buffer-5.2.0.tgz",
			"integrity": "sha512-fZEwUGbVl7kouZs1jCdMLdt95hdIv0ZeHg6L7qPeciMZhZ+/gdesW4wgTARkrFWEpspjEATAzUGPG8N2jJiwbg=="
		},
		"semver": {
			"version": "7.1.3",
			"resolved": "https://registry.npmjs.org/semver/-/semver-7.1.3.tgz",
			"integrity": "sha512-ekM0zfiA9SCBlsKa2X1hxyxiI4L3B6EbVJkkdgQXnSEEaHlGdvyodMruTiulSRWMMB4NeIuYNMC9rTKTz97GxA=="
		},
		"sha.js": {
			"version": "2.4.11",
			"resolved": "https://registry.npmjs.org/sha.js/-/sha.js-2.4.11.tgz",
			"integrity": "sha512-QMEp5B7cftE7APOjk5Y6xgrbWu+WkLVQwk8JNjZ8nKRciZaByEW6MubieAiToS7+dwvrjGhH8jRXz3MVd0AYqQ==",
			"requires": {
				"inherits": "^2.0.1",
				"safe-buffer": "^5.0.1"
			}
		},
		"slugg": {
			"version": "1.2.1",
			"resolved": "https://registry.npmjs.org/slugg/-/slugg-1.2.1.tgz",
			"integrity": "sha1-51KvIkGvPycURjxd4iXOpHYIdAo="
		},
		"split2": {
			"version": "2.2.0",
			"resolved": "https://registry.npmjs.org/split2/-/split2-2.2.0.tgz",
			"integrity": "sha512-RAb22TG39LhI31MbreBgIuKiIKhVsawfTgEGqKHTK87aG+ul/PB8Sqoi3I7kVdRWiCfrKxK3uo4/YUkpNvhPbw==",
			"requires": {
				"through2": "^2.0.2"
			}
		},
		"string_decoder": {
			"version": "1.1.1",
			"resolved": "https://registry.npmjs.org/string_decoder/-/string_decoder-1.1.1.tgz",
			"integrity": "sha512-n/ShnvDi6FHbbVfviro+WojiFzv+s8MPMHBczVePfUpDJLwoLT0ht1l4YwBCbi8pJAveEEdnkHyPyTP/mzRfwg==",
			"requires": {
				"safe-buffer": "~5.1.0"
			},
			"dependencies": {
				"safe-buffer": {
					"version": "5.1.2",
					"resolved": "https://registry.npmjs.org/safe-buffer/-/safe-buffer-5.1.2.tgz",
					"integrity": "sha512-Gd2UZBJDkXlY7GbJxfsE8/nvKkUEU1G38c1siN6QP6a9PT9MmHB8GnpscSmMJSoF8LOIrt8ud/wPtojys4G6+g=="
				}
			}
		},
		"supports-color": {
			"version": "7.1.0",
			"resolved": "https://registry.npmjs.org/supports-color/-/supports-color-7.1.0.tgz",
			"integrity": "sha512-oRSIpR8pxT1Wr2FquTNnGet79b3BWljqOuoW/h4oBhxJ/HUbX5nX6JSruTkvXDCFMwDPvsaTTbvMLKZWSy0R5g==",
			"requires": {
				"has-flag": "^4.0.0"
			}
		},
		"through2": {
			"version": "2.0.5",
			"resolved": "https://registry.npmjs.org/through2/-/through2-2.0.5.tgz",
			"integrity": "sha512-/mrRod8xqpA+IHSLyGCQ2s8SPHiCDEeQJSep1jqLYeEUClOFG2Qsh+4FU6G9VeqpZnGW/Su8LQGc4YKni5rYSQ==",
			"requires": {
				"readable-stream": "~2.3.6",
				"xtend": "~4.0.1"
			}
		},
		"util-deprecate": {
			"version": "1.0.2",
			"resolved": "https://registry.npmjs.org/util-deprecate/-/util-deprecate-1.0.2.tgz",
			"integrity": "sha1-RQ1Nyfpw3nMnYvvS1KKJgUGaDM8="
		},
		"vbb-change-positions": {
			"version": "1.2.0",
			"resolved": "https://registry.npmjs.org/vbb-change-positions/-/vbb-change-positions-1.2.0.tgz",
			"integrity": "sha512-T68AW3THxE9Sf6cw7zTX0jTzDWRA3Z8aB5hnXvRyf3i0Gh9lTnb2co9RdydjuvrfZjqFEsDclEo4ddXrwoqLPg==",
			"requires": {
				"from2-array": "0.0.4",
				"ndjson": "^1.5.0"
			}
		},
		"vbb-hafas": {
			"version": "7.0.1",
			"resolved": "https://registry.npmjs.org/vbb-hafas/-/vbb-hafas-7.0.1.tgz",
			"integrity": "sha512-RgZblBFRa+HDyIwf2bBx095WUi6inE+LCsOkDlr0zRICQap/U8jed0GDO4pwGyf7hJUw964bxDmU95wvLE0xiw==",
			"requires": {
				"hafas-client": "^5.0.0",
				"merged-vbb-stations": "^2.0.0",
				"vbb-change-positions": "^1.1.0",
				"vbb-line-colors": "^1.0.2"
			}
		},
		"vbb-line-colors": {
			"version": "1.0.2",
			"resolved": "https://registry.npmjs.org/vbb-line-colors/-/vbb-line-colors-1.0.2.tgz",
			"integrity": "sha512-6mWWXkNjxmXM1Wkjycm45sGRneCCpjf311GjjMtzQTlj5jt8RArQ6UWT87fbebUMhoubPHYi8xVVLy4GqlJZ0w=="
		},
		"vbb-parse-line": {
			"version": "1.0.0",
			"resolved": "https://registry.npmjs.org/vbb-parse-line/-/vbb-parse-line-1.0.0.tgz",
			"integrity": "sha512-/xtFJAWmoulUD3kWX9kPQyn9tDMncuGu22Bfe1C1/Pwf/pJAGd7zKA1IpRf9rrdEP+AN1ECD6SHsGbNcqLbR5w=="
		},
		"vbb-parse-ticket": {
			"version": "0.2.1",
			"resolved": "https://registry.npmjs.org/vbb-parse-ticket/-/vbb-parse-ticket-0.2.1.tgz",
			"integrity": "sha512-Di1/AOrKGrGTBfdrZZXSCmq73E/RVuGys12BAFraHu5Swwj/TTXfvV8FrnHifCHEMoZIfLmH4avnF7xVa+46Sw=="
		},
		"vbb-short-station-name": {
			"version": "1.0.1",
			"resolved": "https://registry.npmjs.org/vbb-short-station-name/-/vbb-short-station-name-1.0.1.tgz",
			"integrity": "sha512-3pAW9RtwqTeQvTABYRJVkBNmbxkCBxrQyALNRkG+owiZUgt4yT3aH2ln25TV0EzEqZzgjVjcK1RwOyL/MMYz5w=="
		},
		"vbb-stations": {
			"version": "7.2.0",
			"resolved": "https://registry.npmjs.org/vbb-stations/-/vbb-stations-7.2.0.tgz",
			"integrity": "sha512-pLYPbN+J/QzM3syYjg4tbAJQkYMuUBWmkaUN+bGhz/W9yF7dzdoXnqHXq1jqZ1p6AzL2sgy7SHRcqq97sZm6Xw==",
			"requires": {
				"lodash.get": "^4.4.2"
			}
		},
		"vbb-translate-ids": {
			"version": "4.0.0",
			"resolved": "https://registry.npmjs.org/vbb-translate-ids/-/vbb-translate-ids-4.0.0.tgz",
			"integrity": "sha512-acc8aCheKRO10vEMIN7a/1chAkD30sW28MUkLbylOtCHD7aGOTGnB6ztGeszFER8qpx915pMyoWggGteF4vB3g=="
		},
		"xtend": {
			"version": "4.0.2",
			"resolved": "https://registry.npmjs.org/xtend/-/xtend-4.0.2.tgz",
			"integrity": "sha512-LKYU1iAXJXUgAXn9URjiu+MWhyUXHsvfp7mcuYm9dSUKK0/CjtrUwFAxD82/mCWbtLsGjFIad0wIsod4zrTAEQ=="
		}
	}
}
